
Microsoft Visual Studio Solution File, Format Version 12.00
# Visual Studio Version 17
VisualStudioVersion = 17.9.34701.34
MinimumVisualStudioVersion = 10.0.40219.1
Project("{FAE04EC0-301F-11D3-BF4B-00C04F79EFBC}") = "QuanLyHocVien", "QuanLyHocVien\QuanLyHocVien.csproj", "{CAB72687-197A-45D7-88C1-9F696ACF3174}"
EndProject
Global
	GlobalSection(SolutionConfigurationPlatforms) = preSolution
		Debug|Any CPU = Debug|Any CPU
		Release|Any CPU = Release|Any CPU
	EndGlobalSection
	GlobalSection(ProjectConfigurationPlatforms) = postSolution
		{CAB72687-197A-45D7-88C1-9F696ACF3174}.Debug|Any CPU.ActiveCfg = Debug|Any CPU
		{CAB72687-197A-45D7-88C1-9F696ACF3174}.Debug|Any CPU.Build.0 = Debug|Any CPU
		{CAB72687-197A-45D7-88C1-9F696ACF3174}.Release|Any CPU.ActiveCfg = Release|Any CPU
		{CAB72687-197A-45D7-88C1-9F696ACF3174}.Release|Any CPU.Build.0 = Release|Any CPU
	EndGlobalSection
	GlobalSection(SolutionProperties) = preSolution
		HideSolutionNode = FALSE
	EndGlobalSection
	GlobalSection(ExtensibilityGlobals) = postSolution
		SolutionGuid = {D8731E6E-0CC0-497F-910B-6A61EBCD0674}
	EndGlobalSection
EndGlobal
